Microsoft Visual Studio Solution File, Format Version 11.00
# Visual Studio 2008

Project("{773B62B2-7002-CA24-80AE-0608DB828BEE}") = "com-lovers-teamB-3Dactiongame", "Assembly-CSharp-firstpass.csproj", "{913F1C19-DE86-F8B3-340C-8FA4DF49EC6E}"
EndProject
Project("{773B62B2-7002-CA24-80AE-0608DB828BEE}") = "com-lovers-teamB-3Dactiongame", "Assembly-CSharp.csproj", "{02401ED4-2316-3A0F-9452-9777B18393AD}"
EndProject
Project("{773B62B2-7002-CA24-80AE-0608DB828BEE}") = "com-lovers-teamB-3Dactiongame", "Assembly-UnityScript-firstpass.unityproj", "{4E25DB17-FA2D-2FDE-3DB3-692402634979}"
EndProject
Project("{773B62B2-7002-CA24-80AE-0608DB828BEE}") = "com-lovers-teamB-3Dactiongame", "Assembly-UnityScript.unityproj", "{6D0318C6-5ACB-6E5E-3A29-0AA6C9948E2C}"
EndProject
Global
	GlobalSection(SolutionConfigurationPlatforms) = preSolution
		Debug|Any CPU = Debug|Any CPU
		Release|Any CPU = Release|Any CPU
	EndGlobalSection
	GlobalSection(ProjectConfigurationPlatforms) = postSolution
		{913F1C19-DE86-F8B3-340C-8FA4DF49EC6E}.Debug|Any CPU.ActiveCfg = Debug|Any CPU
		{913F1C19-DE86-F8B3-340C-8FA4DF49EC6E}.Debug|Any CPU.Build.0 = Debug|Any CPU
		{913F1C19-DE86-F8B3-340C-8FA4DF49EC6E}.Release|Any CPU.ActiveCfg = Release|Any CPU
		{913F1C19-DE86-F8B3-340C-8FA4DF49EC6E}.Release|Any CPU.Build.0 = Release|Any CPU
		{02401ED4-2316-3A0F-9452-9777B18393AD}.Debug|Any CPU.ActiveCfg = Debug|Any CPU
		{02401ED4-2316-3A0F-9452-9777B18393AD}.Debug|Any CPU.Build.0 = Debug|Any CPU
		{02401ED4-2316-3A0F-9452-9777B18393AD}.Release|Any CPU.ActiveCfg = Release|Any CPU
		{02401ED4-2316-3A0F-9452-9777B18393AD}.Release|Any CPU.Build.0 = Release|Any CPU
		{4E25DB17-FA2D-2FDE-3DB3-692402634979}.Debug|Any CPU.ActiveCfg = Debug|Any CPU
		{4E25DB17-FA2D-2FDE-3DB3-692402634979}.Debug|Any CPU.Build.0 = Debug|Any CPU
		{4E25DB17-FA2D-2FDE-3DB3-692402634979}.Release|Any CPU.ActiveCfg = Release|Any CPU
		{4E25DB17-FA2D-2FDE-3DB3-692402634979}.Release|Any CPU.Build.0 = Release|Any CPU
		{6D0318C6-5ACB-6E5E-3A29-0AA6C9948E2C}.Debug|Any CPU.ActiveCfg = Debug|Any CPU
		{6D0318C6-5ACB-6E5E-3A29-0AA6C9948E2C}.Debug|Any CPU.Build.0 = Debug|Any CPU
		{6D0318C6-5ACB-6E5E-3A29-0AA6C9948E2C}.Release|Any CPU.ActiveCfg = Release|Any CPU
		{6D0318C6-5ACB-6E5E-3A29-0AA6C9948E2C}.Release|Any CPU.Build.0 = Release|Any CPU
	EndGlobalSection
	GlobalSection(SolutionProperties) = preSolution
		HideSolutionNode = FALSE
	EndGlobalSection
				GlobalSection(MonoDevelopProperties) = preSolution
		StartupItem = Assembly-CSharp.csproj
		Policies = $0
		$0.TextStylePolicy = $1
		$1.inheritsSet = null
		$1.scope = text/x-csharp
		$0.CSharpFormattingPolicy = $2
		$2.inheritsSet = Mono
		$2.inheritsScope = text/x-csharp
		$2.scope = text/x-csharp
		$0.TextStylePolicy = $3
		$3.FileWidth = 120
		$3.TabWidth = 4
		$3.EolMarker = Unix
		$3.inheritsSet = Mono
		$3.inheritsScope = text/plain
		$3.scope = text/plain
	EndGlobalSection

EndGlobal
